
Microsoft Visual Studio Solution File, Format Version 12.00
# Visual Studio Version 16
VisualStudioVersion = 16.0.30907.101
MinimumVisualStudioVersion = 10.0.40219.1
Project("{9A19103F-16F7-4668-BE54-9A1E7A4F7556}") = "ECS.Legacy", "ECS.Legacy\ECS.Legacy.csproj", "{04BB7A61-C926-4654-A911-EA7EAE974326}"
EndProject
Project("{9A19103F-16F7-4668-BE54-9A1E7A4F7556}") = "ECS.Redesign", "ECS.Redesign\ECS.Redesign.csproj", "{08184C52-3EDA-4BB2-B5A6-D0706A0E38D3}"
EndProject
Project("{9A19103F-16F7-4668-BE54-9A1E7A4F7556}") = "ECS.Test.ManualFakes", "ECS.Test.ManualFakes\ECS.Test.ManualFakes.csproj", "{C637F144-A88D-4551-A74A-E2177C79625E}"
EndProject
Project("{FAE04EC0-301F-11D3-BF4B-00C04F79EFBC}") = "ECS.Test.NSubstituteFakes", "ECS.Test.NSubstituteFakes\ECS.Test.NSubstituteFakes.csproj", "{5FE47FD1-07BD-48D5-9E21-38E795F55CDF}"
EndProject
Global
	GlobalSection(SolutionConfigurationPlatforms) = preSolution
		Debug|Any CPU = Debug|Any CPU
		Release|Any CPU = Release|Any CPU
	EndGlobalSection
	GlobalSection(ProjectConfigurationPlatforms) = postSolution
		{04BB7A61-C926-4654-A911-EA7EAE974326}.Debug|Any CPU.ActiveCfg = Debug|Any CPU
		{04BB7A61-C926-4654-A911-EA7EAE974326}.Debug|Any CPU.Build.0 = Debug|Any CPU
		{04BB7A61-C926-4654-A911-EA7EAE974326}.Release|Any CPU.ActiveCfg = Release|Any CPU
		{04BB7A61-C926-4654-A911-EA7EAE974326}.Release|Any CPU.Build.0 = Release|Any CPU
		{08184C52-3EDA-4BB2-B5A6-D0706A0E38D3}.Debug|Any CPU.ActiveCfg = Debug|Any CPU
		{08184C52-3EDA-4BB2-B5A6-D0706A0E38D3}.Debug|Any CPU.Build.0 = Debug|Any CPU
		{08184C52-3EDA-4BB2-B5A6-D0706A0E38D3}.Release|Any CPU.ActiveCfg = Release|Any CPU
		{08184C52-3EDA-4BB2-B5A6-D0706A0E38D3}.Release|Any CPU.Build.0 = Release|Any CPU
		{C637F144-A88D-4551-A74A-E2177C79625E}.Debug|Any CPU.ActiveCfg = Debug|Any CPU
		{C637F144-A88D-4551-A74A-E2177C79625E}.Debug|Any CPU.Build.0 = Debug|Any CPU
		{C637F144-A88D-4551-A74A-E2177C79625E}.Release|Any CPU.ActiveCfg = Release|Any CPU
		{C637F144-A88D-4551-A74A-E2177C79625E}.Release|Any CPU.Build.0 = Release|Any CPU
		{5FE47FD1-07BD-48D5-9E21-38E795F55CDF}.Debug|Any CPU.ActiveCfg = Debug|Any CPU
		{5FE47FD1-07BD-48D5-9E21-38E795F55CDF}.Debug|Any CPU.Build.0 = Debug|Any CPU
		{5FE47FD1-07BD-48D5-9E21-38E795F55CDF}.Release|Any CPU.ActiveCfg = Release|Any CPU
		{5FE47FD1-07BD-48D5-9E21-38E795F55CDF}.Release|Any CPU.Build.0 = Release|Any CPU
	EndGlobalSection
	GlobalSection(SolutionProperties) = preSolution
		HideSolutionNode = FALSE
	EndGlobalSection
	GlobalSection(ExtensibilityGlobals) = postSolution
		SolutionGuid = {3BEDF1C5-C8E7-4A95-A17D-626CC7A84B04}
	EndGlobalSection
EndGlobal
